
Microsoft Visual Studio Solution File, Format Version 12.00
# Visual Studio Version 16
VisualStudioVersion = 16.0.31624.102
MinimumVisualStudioVersion = 10.0.40219.1
Project("{9A19103F-16F7-4668-BE54-9A1E7A4F7556}") = "IJA9WQ_HFT_2021221.Models", "IJA9WQ_HFT_2021221.Models\IJA9WQ_HFT_2021221.Models.csproj", "{45FA90C3-DD35-49E2-A786-B59C287B6C4E}"
EndProject
Project("{9A19103F-16F7-4668-BE54-9A1E7A4F7556}") = "IJA9WQ_HFT_2021221.Data", "IJA9WQ_HFT_2021221.Data\IJA9WQ_HFT_2021221.Data.csproj", "{914109F9-1086-4AE7-BB25-A079D4F07060}"
EndProject
Project("{9A19103F-16F7-4668-BE54-9A1E7A4F7556}") = "IJA9WQ_HFT_2021221.Logic", "IJA9WQ_HFT_2021221.Logic\IJA9WQ_HFT_2021221.Logic.csproj", "{6B484611-5057-41C1-B3BE-D9DC6901A828}"
EndProject
Project("{9A19103F-16F7-4668-BE54-9A1E7A4F7556}") = "IJA9WQ_HFT_2021221.Repository", "IJA9WQ_HFT_2021221.Repository\IJA9WQ_HFT_2021221.Repository.csproj", "{CD7DBC28-A5DF-43FB-ACDB-92CB47BB5B1F}"
EndProject
Project("{9A19103F-16F7-4668-BE54-9A1E7A4F7556}") = "IJA9WQ_HFT_2021221.Endpoint", "IJA9WQ_HFT_2021221.Endpoint\IJA9WQ_HFT_2021221.Endpoint.csproj", "{06D48D37-250C-48D2-8E68-58561965DEA2}"
EndProject
Project("{9A19103F-16F7-4668-BE54-9A1E7A4F7556}") = "IJA9WQ_HFT_2021221.Test", "IJA9WQ_HFT_2021221.Test\IJA9WQ_HFT_2021221.Test.csproj", "{100938E3-CD8B-4374-BAAC-526693877B20}"
EndProject
Project("{2150E333-8FDC-42A3-9474-1A3956D46DE8}") = "Backend", "Backend", "{1FE3F3EA-6E64-4F94-BCAB-FA1AEF93B605}"
EndProject
Project("{2150E333-8FDC-42A3-9474-1A3956D46DE8}") = "Frontend", "Frontend", "{B212E1F4-4633-4FFC-9477-80300483BAF5}"
EndProject
Project("{2150E333-8FDC-42A3-9474-1A3956D46DE8}") = "Shared", "Shared", "{27C54D2B-7605-4238-804D-8193F1936EF4}"
EndProject
Project("{FAE04EC0-301F-11D3-BF4B-00C04F79EFBC}") = "IJA9WQ_HFT_2021221.Client", "IJA9WQ_HFT_2021221.Client\IJA9WQ_HFT_2021221.Client.csproj", "{184E672F-EE59-4D57-AC7B-E84509FD815B}"
EndProject
Project("{2150E333-8FDC-42A3-9474-1A3956D46DE8}") = "Others", "Others", "{EAF1593E-BA55-46AE-8DA8-33BA546E86C1}"
	ProjectSection(SolutionItems) = preProject
		.gitignore = .gitignore
	EndProjectSection
EndProject
Global
	GlobalSection(SolutionConfigurationPlatforms) = preSolution
		Debug|Any CPU = Debug|Any CPU
		Release|Any CPU = Release|Any CPU
	EndGlobalSection
	GlobalSection(ProjectConfigurationPlatforms) = postSolution
		{45FA90C3-DD35-49E2-A786-B59C287B6C4E}.Debug|Any CPU.ActiveCfg = Debug|Any CPU
		{45FA90C3-DD35-49E2-A786-B59C287B6C4E}.Debug|Any CPU.Build.0 = Debug|Any CPU
		{45FA90C3-DD35-49E2-A786-B59C287B6C4E}.Release|Any CPU.ActiveCfg = Release|Any CPU
		{45FA90C3-DD35-49E2-A786-B59C287B6C4E}.Release|Any CPU.Build.0 = Release|Any CPU
		{914109F9-1086-4AE7-BB25-A079D4F07060}.Debug|Any CPU.ActiveCfg = Debug|Any CPU
		{914109F9-1086-4AE7-BB25-A079D4F07060}.Debug|Any CPU.Build.0 = Debug|Any CPU
		{914109F9-1086-4AE7-BB25-A079D4F07060}.Release|Any CPU.ActiveCfg = Release|Any CPU
		{914109F9-1086-4AE7-BB25-A079D4F07060}.Release|Any CPU.Build.0 = Release|Any CPU
		{6B484611-5057-41C1-B3BE-D9DC6901A828}.Debug|Any CPU.ActiveCfg = Debug|Any CPU
		{6B484611-5057-41C1-B3BE-D9DC6901A828}.Debug|Any CPU.Build.0 = Debug|Any CPU
		{6B484611-5057-41C1-B3BE-D9DC6901A828}.Release|Any CPU.ActiveCfg = Release|Any CPU
		{6B484611-5057-41C1-B3BE-D9DC6901A828}.Release|Any CPU.Build.0 = Release|Any CPU
		{CD7DBC28-A5DF-43FB-ACDB-92CB47BB5B1F}.Debug|Any CPU.ActiveCfg = Debug|Any CPU
		{CD7DBC28-A5DF-43FB-ACDB-92CB47BB5B1F}.Debug|Any CPU.Build.0 = Debug|Any CPU
		{CD7DBC28-A5DF-43FB-ACDB-92CB47BB5B1F}.Release|Any CPU.ActiveCfg = Release|Any CPU
		{CD7DBC28-A5DF-43FB-ACDB-92CB47BB5B1F}.Release|Any CPU.Build.0 = Release|Any CPU
		{06D48D37-250C-48D2-8E68-58561965DEA2}.Debug|Any CPU.ActiveCfg = Debug|Any CPU
		{06D48D37-250C-48D2-8E68-58561965DEA2}.Debug|Any CPU.Build.0 = Debug|Any CPU
		{06D48D37-250C-48D2-8E68-58561965DEA2}.Release|Any CPU.ActiveCfg = Release|Any CPU
		{06D48D37-250C-48D2-8E68-58561965DEA2}.Release|Any CPU.Build.0 = Release|Any CPU
		{100938E3-CD8B-4374-BAAC-526693877B20}.Debug|Any CPU.ActiveCfg = Debug|Any CPU
		{100938E3-CD8B-4374-BAAC-526693877B20}.Debug|Any CPU.Build.0 = Debug|Any CPU
		{100938E3-CD8B-4374-BAAC-526693877B20}.Release|Any CPU.ActiveCfg = Release|Any CPU
		{100938E3-CD8B-4374-BAAC-526693877B20}.Release|Any CPU.Build.0 = Release|Any CPU
		{184E672F-EE59-4D57-AC7B-E84509FD815B}.Debug|Any CPU.ActiveCfg = Debug|Any CPU
		{184E672F-EE59-4D57-AC7B-E84509FD815B}.Debug|Any CPU.Build.0 = Debug|Any CPU
		{184E672F-EE59-4D57-AC7B-E84509FD815B}.Release|Any CPU.ActiveCfg = Release|Any CPU
		{184E672F-EE59-4D57-AC7B-E84509FD815B}.Release|Any CPU.Build.0 = Release|Any CPU
	EndGlobalSection
	GlobalSection(SolutionProperties) = preSolution
		HideSolutionNode = FALSE
	EndGlobalSection
	GlobalSection(NestedProjects) = preSolution
		{45FA90C3-DD35-49E2-A786-B59C287B6C4E} = {27C54D2B-7605-4238-804D-8193F1936EF4}
		{914109F9-1086-4AE7-BB25-A079D4F07060} = {1FE3F3EA-6E64-4F94-BCAB-FA1AEF93B605}
		{6B484611-5057-41C1-B3BE-D9DC6901A828} = {1FE3F3EA-6E64-4F94-BCAB-FA1AEF93B605}
		{CD7DBC28-A5DF-43FB-ACDB-92CB47BB5B1F} = {1FE3F3EA-6E64-4F94-BCAB-FA1AEF93B605}
		{06D48D37-250C-48D2-8E68-58561965DEA2} = {1FE3F3EA-6E64-4F94-BCAB-FA1AEF93B605}
		{100938E3-CD8B-4374-BAAC-526693877B20} = {1FE3F3EA-6E64-4F94-BCAB-FA1AEF93B605}
		{184E672F-EE59-4D57-AC7B-E84509FD815B} = {B212E1F4-4633-4FFC-9477-80300483BAF5}
	EndGlobalSection
	GlobalSection(ExtensibilityGlobals) = postSolution
		SolutionGuid = {768F44C1-6A33-46CC-910A-51C3A99EDC65}
	EndGlobalSection
EndGlobal
